// !$*UTF8*$!
{
	archiveVersion = 1;
	classes = {
	};
	objectVersion = 56;
	objects = {

/* Begin PBXBuildFile section */
		70C68A312B440DB500104194 /* MessengerCloneSwiftUIApp.swift in Sources */ = {isa = PBXBuildFile; fileRef = 70C68A302B440DB500104194 /* MessengerCloneSwiftUIApp.swift */; };
		70C68A332B440DB500104194 /* LogInView.swift in Sources */ = {isa = PBXBuildFile; fileRef = 70C68A322B440DB500104194 /* LogInView.swift */; };
		70C68A352B440DB600104194 /* Assets.xcassets in Resources */ = {isa = PBXBuildFile; fileRef = 70C68A342B440DB600104194 /* Assets.xcassets */; };
		70C68A382B440DB700104194 /* Preview Assets.xcassets in Resources */ = {isa = PBXBuildFile; fileRef = 70C68A372B440DB700104194 /* Preview Assets.xcassets */; };
		70C68A422B442CDB00104194 /* RegistrationView.swift in Sources */ = {isa = PBXBuildFile; fileRef = 70C68A412B442CDB00104194 /* RegistrationView.swift */; };
		70C68A452B442E6E00104194 /* AuthFieldModifier.swift in Sources */ = {isa = PBXBuildFile; fileRef = 70C68A442B442E6E00104194 /* AuthFieldModifier.swift */; };
		70C68A492B46B93800104194 /* AuthActionButtonModifier.swift in Sources */ = {isa = PBXBuildFile; fileRef = 70C68A482B46B93800104194 /* AuthActionButtonModifier.swift */; };
		70C68A4C2B46BA6900104194 /* InboxView.swift in Sources */ = {isa = PBXBuildFile; fileRef = 70C68A4B2B46BA6900104194 /* InboxView.swift */; };
		70C68A4E2B46BC5000104194 /* ChatsToolbarModifier.swift in Sources */ = {isa = PBXBuildFile; fileRef = 70C68A4D2B46BC5000104194 /* ChatsToolbarModifier.swift */; };
		70C68A502B46BD3400104194 /* ActiveNowView.swift in Sources */ = {isa = PBXBuildFile; fileRef = 70C68A4F2B46BD3400104194 /* ActiveNowView.swift */; };
		70C68A522B46BF8B00104194 /* ChatsItemView.swift in Sources */ = {isa = PBXBuildFile; fileRef = 70C68A512B46BF8B00104194 /* ChatsItemView.swift */; };
/* End PBXBuildFile section */

/* Begin PBXFileReference section */
		70C68A2D2B440DB500104194 /* MessengerCloneSwiftUI.app */ = {isa = PBXFileReference; explicitFileType = wrapper.application; includeInIndex = 0; path = MessengerCloneSwiftUI.app; sourceTree = BUILT_PRODUCTS_DIR; };
		70C68A302B440DB500104194 /* MessengerCloneSwiftUIApp.swift */ = {isa = PBXFileReference; lastKnownFileType = sourcecode.swift; path = MessengerCloneSwiftUIApp.swift; sourceTree = "<group>"; };
		70C68A322B440DB500104194 /* LogInView.swift */ = {isa = PBXFileReference; lastKnownFileType = sourcecode.swift; path = LogInView.swift; sourceTree = "<group>"; };
		70C68A342B440DB600104194 /* Assets.xcassets */ = {isa = PBXFileReference; lastKnownFileType = folder.assetcatalog; path = Assets.xcassets; sourceTree = "<group>"; };
		70C68A372B440DB700104194 /* Preview Assets.xcassets */ = {isa = PBXFileReference; lastKnownFileType = folder.assetcatalog; path = "Preview Assets.xcassets"; sourceTree = "<group>"; };
		70C68A412B442CDB00104194 /* RegistrationView.swift */ = {isa = PBXFileReference; lastKnownFileType = sourcecode.swift; path = RegistrationView.swift; sourceTree = "<group>"; };
		70C68A442B442E6E00104194 /* AuthFieldModifier.swift */ = {isa = PBXFileReference; lastKnownFileType = sourcecode.swift; path = AuthFieldModifier.swift; sourceTree = "<group>"; };
		70C68A482B46B93800104194 /* AuthActionButtonModifier.swift */ = {isa = PBXFileReference; lastKnownFileType = sourcecode.swift; path = AuthActionButtonModifier.swift; sourceTree = "<group>"; };
		70C68A4B2B46BA6900104194 /* InboxView.swift */ = {isa = PBXFileReference; lastKnownFileType = sourcecode.swift; path = InboxView.swift; sourceTree = "<group>"; };
		70C68A4D2B46BC5000104194 /* ChatsToolbarModifier.swift */ = {isa = PBXFileReference; lastKnownFileType = sourcecode.swift; path = ChatsToolbarModifier.swift; sourceTree = "<group>"; };
		70C68A4F2B46BD3400104194 /* ActiveNowView.swift */ = {isa = PBXFileReference; lastKnownFileType = sourcecode.swift; path = ActiveNowView.swift; sourceTree = "<group>"; };
		70C68A512B46BF8B00104194 /* ChatsItemView.swift */ = {isa = PBXFileReference; lastKnownFileType = sourcecode.swift; path = ChatsItemView.swift; sourceTree = "<group>"; };
/* End PBXFileReference section */

/* Begin PBXFrameworksBuildPhase section */
		70C68A2A2B440DB500104194 /* Frameworks */ = {
			isa = PBXFrameworksBuildPhase;
			buildActionMask = 2147483647;
			files = (
			);
			runOnlyForDeploymentPostprocessing = 0;
		};
/* End PBXFrameworksBuildPhase section */

/* Begin PBXGroup section */
		70C68A242B440DB500104194 = {
			isa = PBXGroup;
			children = (
				70C68A2F2B440DB500104194 /* MessengerCloneSwiftUI */,
				70C68A2E2B440DB500104194 /* Products */,
			);
			sourceTree = "<group>";
		};
		70C68A2E2B440DB500104194 /* Products */ = {
			isa = PBXGroup;
			children = (
				70C68A2D2B440DB500104194 /* MessengerCloneSwiftUI.app */,
			);
			name = Products;
			sourceTree = "<group>";
		};
		70C68A2F2B440DB500104194 /* MessengerCloneSwiftUI */ = {
			isa = PBXGroup;
			children = (
				70C68A432B442E4700104194 /* Components */,
				70C68A3E2B440E4800104194 /* Root */,
				70C68A402B440E9000104194 /* Authentification */,
				70C68A4A2B46BA5600104194 /* Inbox */,
				70C68A3F2B440E8100104194 /* Supporting files */,
				70C68A362B440DB700104194 /* Preview Content */,
			);
			path = MessengerCloneSwiftUI;
			sourceTree = "<group>";
		};
		70C68A362B440DB700104194 /* Preview Content */ = {
			isa = PBXGroup;
			children = (
				70C68A372B440DB700104194 /* Preview Assets.xcassets */,
			);
			path = "Preview Content";
			sourceTree = "<group>";
		};
		70C68A3E2B440E4800104194 /* Root */ = {
			isa = PBXGroup;
			children = (
				70C68A302B440DB500104194 /* MessengerCloneSwiftUIApp.swift */,
			);
			path = Root;
			sourceTree = "<group>";
		};
		70C68A3F2B440E8100104194 /* Supporting files */ = {
			isa = PBXGroup;
			children = (
				70C68A342B440DB600104194 /* Assets.xcassets */,
			);
			path = "Supporting files";
			sourceTree = "<group>";
		};
		70C68A402B440E9000104194 /* Authentification */ = {
			isa = PBXGroup;
			children = (
				70C68A322B440DB500104194 /* LogInView.swift */,
				70C68A412B442CDB00104194 /* RegistrationView.swift */,
			);
			path = Authentification;
			sourceTree = "<group>";
		};
		70C68A432B442E4700104194 /* Components */ = {
			isa = PBXGroup;
			children = (
				70C68A472B442F3000104194 /* Views */,
				70C68A462B442F2500104194 /* Modifiers */,
			);
			path = Components;
			sourceTree = "<group>";
		};
		70C68A462B442F2500104194 /* Modifiers */ = {
			isa = PBXGroup;
			children = (
				70C68A442B442E6E00104194 /* AuthFieldModifier.swift */,
				70C68A4D2B46BC5000104194 /* ChatsToolbarModifier.swift */,
				70C68A482B46B93800104194 /* AuthActionButtonModifier.swift */,
			);
			path = Modifiers;
			sourceTree = "<group>";
		};
		70C68A472B442F3000104194 /* Views */ = {
			isa = PBXGroup;
			children = (
				70C68A4F2B46BD3400104194 /* ActiveNowView.swift */,
				70C68A512B46BF8B00104194 /* ChatsItemView.swift */,
			);
			path = Views;
			sourceTree = "<group>";
		};
		70C68A4A2B46BA5600104194 /* Inbox */ = {
			isa = PBXGroup;
			children = (
				70C68A4B2B46BA6900104194 /* InboxView.swift */,
			);
			path = Inbox;
			sourceTree = "<group>";
		};
/* End PBXGroup section */

/* Begin PBXNativeTarget section */
		70C68A2C2B440DB500104194 /* MessengerCloneSwiftUI */ = {
			isa = PBXNativeTarget;
			buildConfigurationList = 70C68A3B2B440DB700104194 /* Build configuration list for PBXNativeTarget "MessengerCloneSwiftUI" */;
			buildPhases = (
				70C68A292B440DB500104194 /* Sources */,
				70C68A2A2B440DB500104194 /* Frameworks */,
				70C68A2B2B440DB500104194 /* Resources */,
			);
			buildRules = (
			);
			dependencies = (
			);
			name = MessengerCloneSwiftUI;
			productName = MessengerCloneSwiftUI;
			productReference = 70C68A2D2B440DB500104194 /* MessengerCloneSwiftUI.app */;
			productType = "com.apple.product-type.application";
		};
/* End PBXNativeTarget section */

/* Begin PBXProject section */
		70C68A252B440DB500104194 /* Project object */ = {
			isa = PBXProject;
			attributes = {
				BuildIndependentTargetsInParallel = 1;
				LastSwiftUpdateCheck = 1510;
				LastUpgradeCheck = 1510;
				TargetAttributes = {
					70C68A2C2B440DB500104194 = {
						CreatedOnToolsVersion = 15.1;
					};
				};
			};
			buildConfigurationList = 70C68A282B440DB500104194 /* Build configuration list for PBXProject "MessengerCloneSwiftUI" */;
			compatibilityVersion = "Xcode 14.0";
			developmentRegion = en;
			hasScannedForEncodings = 0;
			knownRegions = (
				en,
				Base,
			);
			mainGroup = 70C68A242B440DB500104194;
			productRefGroup = 70C68A2E2B440DB500104194 /* Products */;
			projectDirPath = "";
			projectRoot = "";
			targets = (
				70C68A2C2B440DB500104194 /* MessengerCloneSwiftUI */,
			);
		};
/* End PBXProject section */

/* Begin PBXResourcesBuildPhase section */
		70C68A2B2B440DB500104194 /* Resources */ = {
			isa = PBXResourcesBuildPhase;
			buildActionMask = 2147483647;
			files = (
				70C68A382B440DB700104194 /* Preview Assets.xcassets in Resources */,
				70C68A352B440DB600104194 /* Assets.xcassets in Resources */,
			);
			runOnlyForDeploymentPostprocessing = 0;
		};
/* End PBXResourcesBuildPhase section */

/* Begin PBXSourcesBuildPhase section */
		70C68A292B440DB500104194 /* Sources */ = {
			isa = PBXSourcesBuildPhase;
			buildActionMask = 2147483647;
			files = (
				70C68A422B442CDB00104194 /* RegistrationView.swift in Sources */,
				70C68A502B46BD3400104194 /* ActiveNowView.swift in Sources */,
				70C68A4C2B46BA6900104194 /* InboxView.swift in Sources */,
				70C68A4E2B46BC5000104194 /* ChatsToolbarModifier.swift in Sources */,
				70C68A332B440DB500104194 /* LogInView.swift in Sources */,
				70C68A522B46BF8B00104194 /* ChatsItemView.swift in Sources */,
				70C68A312B440DB500104194 /* MessengerCloneSwiftUIApp.swift in Sources */,
				70C68A492B46B93800104194 /* AuthActionButtonModifier.swift in Sources */,
				70C68A452B442E6E00104194 /* AuthFieldModifier.swift in Sources */,
			);
			runOnlyForDeploymentPostprocessing = 0;
		};
/* End PBXSourcesBuildPhase section */

/* Begin XCBuildConfiguration section */
		70C68A392B440DB700104194 /* Debug */ = {
			isa = XCBuildConfiguration;
			buildSettings = {
				ALWAYS_SEARCH_USER_PATHS = NO;
				ASSETCATALOG_COMPILER_GENERATE_SWIFT_ASSET_SYMBOL_EXTENSIONS = YES;
				CLANG_ANALYZER_NONNULL = YES;
				CLANG_ANALYZER_NUMBER_OBJECT_CONVERSION = YES_AGGRESSIVE;
				CLANG_CXX_LANGUAGE_STANDARD = "gnu++20";
				CLANG_ENABLE_MODULES = YES;
				CLANG_ENABLE_OBJC_ARC = YES;
				CLANG_ENABLE_OBJC_WEAK = YES;
				CLANG_WARN_BLOCK_CAPTURE_AUTORELEASING = YES;
				CLANG_WARN_BOOL_CONVERSION = YES;
				CLANG_WARN_COMMA = YES;
				CLANG_WARN_CONSTANT_CONVERSION = YES;
				CLANG_WARN_DEPRECATED_OBJC_IMPLEMENTATIONS = YES;
				CLANG_WARN_DIRECT_OBJC_ISA_USAGE = YES_ERROR;
				CLANG_WARN_DOCUMENTATION_COMMENTS = YES;
				CLANG_WARN_EMPTY_BODY = YES;
				CLANG_WARN_ENUM_CONVERSION = YES;
				CLANG_WARN_INFINITE_RECURSION = YES;
				CLANG_WARN_INT_CONVERSION = YES;
				CLANG_WARN_NON_LITERAL_NULL_CONVERSION = YES;
				CLANG_WARN_OBJC_IMPLICIT_RETAIN_SELF = YES;
				CLANG_WARN_OBJC_LITERAL_CONVERSION = YES;
				CLANG_WARN_OBJC_ROOT_CLASS = YES_ERROR;
				CLANG_WARN_QUOTED_INCLUDE_IN_FRAMEWORK_HEADER = YES;
				CLANG_WARN_RANGE_LOOP_ANALYSIS = YES;
				CLANG_WARN_STRICT_PROTOTYPES = YES;
				CLANG_WARN_SUSPICIOUS_MOVE = YES;
				CLANG_WARN_UNGUARDED_AVAILABILITY = YES_AGGRESSIVE;
				CLANG_WARN_UNREACHABLE_CODE = YES;
				CLANG_WARN__DUPLICATE_METHOD_MATCH = YES;
				COPY_PHASE_STRIP = NO;
				DEBUG_INFORMATION_FORMAT = dwarf;
				ENABLE_STRICT_OBJC_MSGSEND = YES;
				ENABLE_TESTABILITY = YES;
				ENABLE_USER_SCRIPT_SANDBOXING = YES;
				GCC_C_LANGUAGE_STANDARD = gnu17;
				GCC_DYNAMIC_NO_PIC = NO;
				GCC_NO_COMMON_BLOCKS = YES;
				GCC_OPTIMIZATION_LEVEL = 0;
				GCC_PREPROCESSOR_DEFINITIONS = (
					"DEBUG=1",
					"$(inherited)",
				);
				GCC_WARN_64_TO_32_BIT_CONVERSION = YES;
				GCC_WARN_ABOUT_RETURN_TYPE = YES_ERROR;
				GCC_WARN_UNDECLARED_SELECTOR = YES;
				GCC_WARN_UNINITIALIZED_AUTOS = YES_AGGRESSIVE;
				GCC_WARN_UNUSED_FUNCTION = YES;
				GCC_WARN_UNUSED_VARIABLE = YES;
				IPHONEOS_DEPLOYMENT_TARGET = 17.2;
				LOCALIZATION_PREFERS_STRING_CATALOGS = YES;
				MTL_ENABLE_DEBUG_INFO = INCLUDE_SOURCE;
				MTL_FAST_MATH = YES;
				ONLY_ACTIVE_ARCH = YES;
				SDKROOT = iphoneos;
				SWIFT_ACTIVE_COMPILATION_CONDITIONS = "DEBUG $(inherited)";
				SWIFT_OPTIMIZATION_LEVEL = "-Onone";
			};
			name = Debug;
		};
		70C68A3A2B440DB700104194 /* Release */ = {
			isa = XCBuildConfiguration;
			buildSettings = {
				ALWAYS_SEARCH_USER_PATHS = NO;
				ASSETCATALOG_COMPILER_GENERATE_SWIFT_ASSET_SYMBOL_EXTENSIONS = YES;
				CLANG_ANALYZER_NONNULL = YES;
				CLANG_ANALYZER_NUMBER_OBJECT_CONVERSION = YES_AGGRESSIVE;
				CLANG_CXX_LANGUAGE_STANDARD = "gnu++20";
				CLANG_ENABLE_MODULES = YES;
				CLANG_ENABLE_OBJC_ARC = YES;
				CLANG_ENABLE_OBJC_WEAK = YES;
				CLANG_WARN_BLOCK_CAPTURE_AUTORELEASING = YES;
				CLANG_WARN_BOOL_CONVERSION = YES;
				CLANG_WARN_COMMA = YES;
				CLANG_WARN_CONSTANT_CONVERSION = YES;
				CLANG_WARN_DEPRECATED_OBJC_IMPLEMENTATIONS = YES;
				CLANG_WARN_DIRECT_OBJC_ISA_USAGE = YES_ERROR;
				CLANG_WARN_DOCUMENTATION_COMMENTS = YES;
				CLANG_WARN_EMPTY_BODY = YES;
				CLANG_WARN_ENUM_CONVERSION = YES;
				CLANG_WARN_INFINITE_RECURSION = YES;
				CLANG_WARN_INT_CONVERSION = YES;
				CLANG_WARN_NON_LITERAL_NULL_CONVERSION = YES;
				CLANG_WARN_OBJC_IMPLICIT_RETAIN_SELF = YES;
				CLANG_WARN_OBJC_LITERAL_CONVERSION = YES;
				CLANG_WARN_OBJC_ROOT_CLASS = YES_ERROR;
				CLANG_WARN_QUOTED_INCLUDE_IN_FRAMEWORK_HEADER = YES;
				CLANG_WARN_RANGE_LOOP_ANALYSIS = YES;
				CLANG_WARN_STRICT_PROTOTYPES = YES;
				CLANG_WARN_SUSPICIOUS_MOVE = YES;
				CLANG_WARN_UNGUARDED_AVAILABILITY = YES_AGGRESSIVE;
				CLANG_WARN_UNREACHABLE_CODE = YES;
				CLANG_WARN__DUPLICATE_METHOD_MATCH = YES;
				COPY_PHASE_STRIP = NO;
				DEBUG_INFORMATION_FORMAT = "dwarf-with-dsym";
				ENABLE_NS_ASSERTIONS = NO;
				ENABLE_STRICT_OBJC_MSGSEND = YES;
				ENABLE_USER_SCRIPT_SANDBOXING = YES;
				GCC_C_LANGUAGE_STANDARD = gnu17;
				GCC_NO_COMMON_BLOCKS = YES;
				GCC_WARN_64_TO_32_BIT_CONVERSION = YES;
				GCC_WARN_ABOUT_RETURN_TYPE = YES_ERROR;
				GCC_WARN_UNDECLARED_SELECTOR = YES;
				GCC_WARN_UNINITIALIZED_AUTOS = YES_AGGRESSIVE;
				GCC_WARN_UNUSED_FUNCTION = YES;
				GCC_WARN_UNUSED_VARIABLE = YES;
				IPHONEOS_DEPLOYMENT_TARGET = 17.2;
				LOCALIZATION_PREFERS_STRING_CATALOGS = YES;
				MTL_ENABLE_DEBUG_INFO = NO;
				MTL_FAST_MATH = YES;
				SDKROOT = iphoneos;
				SWIFT_COMPILATION_MODE = wholemodule;
				VALIDATE_PRODUCT = YES;
			};
			name = Release;
		};
		70C68A3C2B440DB700104194 /* Debug */ = {
			isa = XCBuildConfiguration;
			buildSettings = {
				ASSETCATALOG_COMPILER_APPICON_NAME = AppIcon;
				ASSETCATALOG_COMPILER_GLOBAL_ACCENT_COLOR_NAME = AccentColor;
				CODE_SIGN_STYLE = Automatic;
				CURRENT_PROJECT_VERSION = 1;
				DEVELOPMENT_ASSET_PATHS = "\"MessengerCloneSwiftUI/Preview Content\"";
				DEVELOPMENT_TEAM = 8K9YSXMH3N;
				ENABLE_PREVIEWS = YES;
				GENERATE_INFOPLIST_FILE = YES;
				INFOPLIST_KEY_UIApplicationSceneManifest_Generation = YES;
				INFOPLIST_KEY_UIApplicationSupportsIndirectInputEvents = YES;
				INFOPLIST_KEY_UILaunchScreen_Generation = YES;
				INFOPLIST_KEY_UISupportedInterfaceOrientations_iPad = "UIInterfaceOrientationPortrait UIInterfaceOrientationPortraitUpsideDown UIInterfaceOrientationLandscapeLeft UIInterfaceOrientationLandscapeRight";
				INFOPLIST_KEY_UISupportedInterfaceOrientations_iPhone = "UIInterfaceOrientationPortrait UIInterfaceOrientationLandscapeLeft UIInterfaceOrientationLandscapeRight";
				LD_RUNPATH_SEARCH_PATHS = (
					"$(inherited)",
					"@executable_path/Frameworks",
				);
				MARKETING_VERSION = 1.0;
				PRODUCT_BUNDLE_IDENTIFIER = com.ipetrie.MessengerCloneSwiftUI;
				PRODUCT_NAME = "$(TARGET_NAME)";
				SWIFT_EMIT_LOC_STRINGS = YES;
				SWIFT_VERSION = 5.0;
				TARGETED_DEVICE_FAMILY = "1,2";
			};
			name = Debug;
		};
		70C68A3D2B440DB700104194 /* Release */ = {
			isa = XCBuildConfiguration;
			buildSettings = {
				ASSETCATALOG_COMPILER_APPICON_NAME = AppIcon;
				ASSETCATALOG_COMPILER_GLOBAL_ACCENT_COLOR_NAME = AccentColor;
				CODE_SIGN_STYLE = Automatic;
				CURRENT_PROJECT_VERSION = 1;
				DEVELOPMENT_ASSET_PATHS = "\"MessengerCloneSwiftUI/Preview Content\"";
				DEVELOPMENT_TEAM = 8K9YSXMH3N;
				ENABLE_PREVIEWS = YES;
				GENERATE_INFOPLIST_FILE = YES;
				INFOPLIST_KEY_UIApplicationSceneManifest_Generation = YES;
				INFOPLIST_KEY_UIApplicationSupportsIndirectInputEvents = YES;
				INFOPLIST_KEY_UILaunchScreen_Generation = YES;
				INFOPLIST_KEY_UISupportedInterfaceOrientations_iPad = "UIInterfaceOrientationPortrait UIInterfaceOrientationPortraitUpsideDown UIInterfaceOrientationLandscapeLeft UIInterfaceOrientationLandscapeRight";
				INFOPLIST_KEY_UISupportedInterfaceOrientations_iPhone = "UIInterfaceOrientationPortrait UIInterfaceOrientationLandscapeLeft UIInterfaceOrientationLandscapeRight";
				LD_RUNPATH_SEARCH_PATHS = (
					"$(inherited)",
					"@executable_path/Frameworks",
				);
				MARKETING_VERSION = 1.0;
				PRODUCT_BUNDLE_IDENTIFIER = com.ipetrie.MessengerCloneSwiftUI;
				PRODUCT_NAME = "$(TARGET_NAME)";
				SWIFT_EMIT_LOC_STRINGS = YES;
				SWIFT_VERSION = 5.0;
				TARGETED_DEVICE_FAMILY = "1,2";
			};
			name = Release;
		};
/* End XCBuildConfiguration section */

/* Begin XCConfigurationList section */
		70C68A282B440DB500104194 /* Build configuration list for PBXProject "MessengerCloneSwiftUI" */ = {
			isa = XCConfigurationList;
			buildConfigurations = (
				70C68A392B440DB700104194 /* Debug */,
				70C68A3A2B440DB700104194 /* Release */,
			);
			defaultConfigurationIsVisible = 0;
			defaultConfigurationName = Release;
		};
		70C68A3B2B440DB700104194 /* Build configuration list for PBXNativeTarget "MessengerCloneSwiftUI" */ = {
			isa = XCConfigurationList;
			buildConfigurations = (
				70C68A3C2B440DB700104194 /* Debug */,
				70C68A3D2B440DB700104194 /* Release */,
			);
			defaultConfigurationIsVisible = 0;
			defaultConfigurationName = Release;
		};
/* End XCConfigurationList section */
	};
	rootObject = 70C68A252B440DB500104194 /* Project object */;
}
