// !$*UTF8*$!
{
	archiveVersion = 1;
	classes = {
	};
	objectVersion = 56;
	objects = {

/* Begin PBXBuildFile section */
		706D47CF2B4D7FE30036BC80 /* ChatMessageView.swift in Sources */ = {isa = PBXBuildFile; fileRef = 706D47CE2B4D7FE30036BC80 /* ChatMessageView.swift */; };
		706D47D12B4D85430036BC80 /* ChatBubble.swift in Sources */ = {isa = PBXBuildFile; fileRef = 706D47D02B4D85430036BC80 /* ChatBubble.swift */; };
		706D47D62B4D8D930036BC80 /* FirebaseAnalytics in Frameworks */ = {isa = PBXBuildFile; productRef = 706D47D52B4D8D930036BC80 /* FirebaseAnalytics */; };
		706D47D82B4D8D930036BC80 /* FirebaseAnalyticsOnDeviceConversion in Frameworks */ = {isa = PBXBuildFile; productRef = 706D47D72B4D8D930036BC80 /* FirebaseAnalyticsOnDeviceConversion */; };
		706D47DA2B4D8D930036BC80 /* FirebaseAnalyticsSwift in Frameworks */ = {isa = PBXBuildFile; productRef = 706D47D92B4D8D930036BC80 /* FirebaseAnalyticsSwift */; };
		706D47DC2B4D8D930036BC80 /* FirebaseAnalyticsWithoutAdIdSupport in Frameworks */ = {isa = PBXBuildFile; productRef = 706D47DB2B4D8D930036BC80 /* FirebaseAnalyticsWithoutAdIdSupport */; };
		706D47DE2B4D8D930036BC80 /* FirebaseAppCheck in Frameworks */ = {isa = PBXBuildFile; productRef = 706D47DD2B4D8D930036BC80 /* FirebaseAppCheck */; };
		706D47E02B4D8D930036BC80 /* FirebaseAppDistribution-Beta in Frameworks */ = {isa = PBXBuildFile; productRef = 706D47DF2B4D8D930036BC80 /* FirebaseAppDistribution-Beta */; };
		706D47E22B4D8D930036BC80 /* FirebaseAuth in Frameworks */ = {isa = PBXBuildFile; productRef = 706D47E12B4D8D930036BC80 /* FirebaseAuth */; };
		706D47E42B4D8D930036BC80 /* FirebaseAuthCombine-Community in Frameworks */ = {isa = PBXBuildFile; productRef = 706D47E32B4D8D930036BC80 /* FirebaseAuthCombine-Community */; };
		706D47E62B4D8D930036BC80 /* FirebaseCrashlytics in Frameworks */ = {isa = PBXBuildFile; productRef = 706D47E52B4D8D930036BC80 /* FirebaseCrashlytics */; };
		706D47E82B4D8D930036BC80 /* FirebaseDatabase in Frameworks */ = {isa = PBXBuildFile; productRef = 706D47E72B4D8D930036BC80 /* FirebaseDatabase */; };
		706D47EA2B4D8D930036BC80 /* FirebaseDatabaseSwift in Frameworks */ = {isa = PBXBuildFile; productRef = 706D47E92B4D8D930036BC80 /* FirebaseDatabaseSwift */; };
		706D47EC2B4D8D930036BC80 /* FirebaseDynamicLinks in Frameworks */ = {isa = PBXBuildFile; productRef = 706D47EB2B4D8D930036BC80 /* FirebaseDynamicLinks */; };
		706D47EE2B4D8D930036BC80 /* FirebaseFirestore in Frameworks */ = {isa = PBXBuildFile; productRef = 706D47ED2B4D8D930036BC80 /* FirebaseFirestore */; };
		706D47F02B4D8D930036BC80 /* FirebaseFirestoreCombine-Community in Frameworks */ = {isa = PBXBuildFile; productRef = 706D47EF2B4D8D930036BC80 /* FirebaseFirestoreCombine-Community */; };
		706D47F22B4D8D930036BC80 /* FirebaseFirestoreSwift in Frameworks */ = {isa = PBXBuildFile; productRef = 706D47F12B4D8D930036BC80 /* FirebaseFirestoreSwift */; };
		706D47F42B4D8D930036BC80 /* FirebaseFunctions in Frameworks */ = {isa = PBXBuildFile; productRef = 706D47F32B4D8D930036BC80 /* FirebaseFunctions */; };
		706D47F62B4D8D930036BC80 /* FirebaseFunctionsCombine-Community in Frameworks */ = {isa = PBXBuildFile; productRef = 706D47F52B4D8D930036BC80 /* FirebaseFunctionsCombine-Community */; };
		706D47F82B4D8D930036BC80 /* FirebaseInAppMessaging-Beta in Frameworks */ = {isa = PBXBuildFile; productRef = 706D47F72B4D8D930036BC80 /* FirebaseInAppMessaging-Beta */; };
		706D47FA2B4D8D930036BC80 /* FirebaseInAppMessagingSwift-Beta in Frameworks */ = {isa = PBXBuildFile; productRef = 706D47F92B4D8D930036BC80 /* FirebaseInAppMessagingSwift-Beta */; };
		706D47FC2B4D8D930036BC80 /* FirebaseInstallations in Frameworks */ = {isa = PBXBuildFile; productRef = 706D47FB2B4D8D930036BC80 /* FirebaseInstallations */; };
		706D47FE2B4D8D930036BC80 /* FirebaseMLModelDownloader in Frameworks */ = {isa = PBXBuildFile; productRef = 706D47FD2B4D8D930036BC80 /* FirebaseMLModelDownloader */; };
		706D48002B4D8D930036BC80 /* FirebaseMessaging in Frameworks */ = {isa = PBXBuildFile; productRef = 706D47FF2B4D8D930036BC80 /* FirebaseMessaging */; };
		706D48022B4D8D930036BC80 /* FirebasePerformance in Frameworks */ = {isa = PBXBuildFile; productRef = 706D48012B4D8D930036BC80 /* FirebasePerformance */; };
		706D48042B4D8D930036BC80 /* FirebaseRemoteConfig in Frameworks */ = {isa = PBXBuildFile; productRef = 706D48032B4D8D930036BC80 /* FirebaseRemoteConfig */; };
		706D48062B4D8D930036BC80 /* FirebaseRemoteConfigSwift in Frameworks */ = {isa = PBXBuildFile; productRef = 706D48052B4D8D930036BC80 /* FirebaseRemoteConfigSwift */; };
		706D48082B4D8D930036BC80 /* FirebaseStorage in Frameworks */ = {isa = PBXBuildFile; productRef = 706D48072B4D8D930036BC80 /* FirebaseStorage */; };
		706D480A2B4D8D930036BC80 /* FirebaseStorageCombine-Community in Frameworks */ = {isa = PBXBuildFile; productRef = 706D48092B4D8D930036BC80 /* FirebaseStorageCombine-Community */; };
		7085ABBB2B518C150069CE78 /* GoogleService-Info.plist in Resources */ = {isa = PBXBuildFile; fileRef = 7085ABBA2B518C150069CE78 /* GoogleService-Info.plist */; };
		7085ABBD2B52E1070069CE78 /* LoginViewModel.swift in Sources */ = {isa = PBXBuildFile; fileRef = 7085ABBC2B52E1070069CE78 /* LoginViewModel.swift */; };
		7085ABC02B52E13D0069CE78 /* RegistrationViewModel.swift in Sources */ = {isa = PBXBuildFile; fileRef = 7085ABBF2B52E13D0069CE78 /* RegistrationViewModel.swift */; };
		7085ABC42B52E1770069CE78 /* AuthService.swift in Sources */ = {isa = PBXBuildFile; fileRef = 7085ABC32B52E1770069CE78 /* AuthService.swift */; };
		7085ABC62B53DCAB0069CE78 /* RootContentView.swift in Sources */ = {isa = PBXBuildFile; fileRef = 7085ABC52B53DCAB0069CE78 /* RootContentView.swift */; };
		7085ABC82B53DCD10069CE78 /* RootContentViewModel.swift in Sources */ = {isa = PBXBuildFile; fileRef = 7085ABC72B53DCD10069CE78 /* RootContentViewModel.swift */; };
		70C68A312B440DB500104194 /* MessengerCloneSwiftUIApp.swift in Sources */ = {isa = PBXBuildFile; fileRef = 70C68A302B440DB500104194 /* MessengerCloneSwiftUIApp.swift */; };
		70C68A332B440DB500104194 /* LogInView.swift in Sources */ = {isa = PBXBuildFile; fileRef = 70C68A322B440DB500104194 /* LogInView.swift */; };
		70C68A352B440DB600104194 /* Assets.xcassets in Resources */ = {isa = PBXBuildFile; fileRef = 70C68A342B440DB600104194 /* Assets.xcassets */; };
		70C68A382B440DB700104194 /* Preview Assets.xcassets in Resources */ = {isa = PBXBuildFile; fileRef = 70C68A372B440DB700104194 /* Preview Assets.xcassets */; };
		70C68A422B442CDB00104194 /* RegistrationView.swift in Sources */ = {isa = PBXBuildFile; fileRef = 70C68A412B442CDB00104194 /* RegistrationView.swift */; };
		70C68A452B442E6E00104194 /* AuthFieldModifier.swift in Sources */ = {isa = PBXBuildFile; fileRef = 70C68A442B442E6E00104194 /* AuthFieldModifier.swift */; };
		70C68A492B46B93800104194 /* AuthActionButtonModifier.swift in Sources */ = {isa = PBXBuildFile; fileRef = 70C68A482B46B93800104194 /* AuthActionButtonModifier.swift */; };
		70C68A4C2B46BA6900104194 /* InboxView.swift in Sources */ = {isa = PBXBuildFile; fileRef = 70C68A4B2B46BA6900104194 /* InboxView.swift */; };
		70C68A4E2B46BC5000104194 /* ChatsToolbarModifier.swift in Sources */ = {isa = PBXBuildFile; fileRef = 70C68A4D2B46BC5000104194 /* ChatsToolbarModifier.swift */; };
		70C68A502B46BD3400104194 /* ActiveNowView.swift in Sources */ = {isa = PBXBuildFile; fileRef = 70C68A4F2B46BD3400104194 /* ActiveNowView.swift */; };
		70C68A522B46BF8B00104194 /* ChatsItemView.swift in Sources */ = {isa = PBXBuildFile; fileRef = 70C68A512B46BF8B00104194 /* ChatsItemView.swift */; };
		70C68A572B46DB0E00104194 /* NewMessageView.swift in Sources */ = {isa = PBXBuildFile; fileRef = 70C68A562B46DB0E00104194 /* NewMessageView.swift */; };
		70C68A5A2B46E03200104194 /* ProfileView.swift in Sources */ = {isa = PBXBuildFile; fileRef = 70C68A592B46E03200104194 /* ProfileView.swift */; };
		70C68A5C2B46E29700104194 /* SettingsOptionsViewModel.swift in Sources */ = {isa = PBXBuildFile; fileRef = 70C68A5B2B46E29700104194 /* SettingsOptionsViewModel.swift */; };
		70C68A5E2B481C4A00104194 /* ProfileViewModel.swift in Sources */ = {isa = PBXBuildFile; fileRef = 70C68A5D2B481C4A00104194 /* ProfileViewModel.swift */; };
		70C68A602B4827FF00104194 /* User.swift in Sources */ = {isa = PBXBuildFile; fileRef = 70C68A5F2B4827FF00104194 /* User.swift */; };
		70C68A642B48395600104194 /* CircularProfileImageView.swift in Sources */ = {isa = PBXBuildFile; fileRef = 70C68A632B48395600104194 /* CircularProfileImageView.swift */; };
		70C68A672B4847A900104194 /* ChatView.swift in Sources */ = {isa = PBXBuildFile; fileRef = 70C68A662B4847A900104194 /* ChatView.swift */; };
/* End PBXBuildFile section */

/* Begin PBXFileReference section */
		706D47CE2B4D7FE30036BC80 /* ChatMessageView.swift */ = {isa = PBXFileReference; lastKnownFileType = sourcecode.swift; path = ChatMessageView.swift; sourceTree = "<group>"; };
		706D47D02B4D85430036BC80 /* ChatBubble.swift */ = {isa = PBXFileReference; lastKnownFileType = sourcecode.swift; path = ChatBubble.swift; sourceTree = "<group>"; };
		7085ABBA2B518C150069CE78 /* GoogleService-Info.plist */ = {isa = PBXFileReference; fileEncoding = 4; lastKnownFileType = text.plist.xml; name = "GoogleService-Info.plist"; path = "../../../../../../Downloads/GoogleService-Info.plist"; sourceTree = "<group>"; };
		7085ABBC2B52E1070069CE78 /* LoginViewModel.swift */ = {isa = PBXFileReference; lastKnownFileType = sourcecode.swift; path = LoginViewModel.swift; sourceTree = "<group>"; };
		7085ABBF2B52E13D0069CE78 /* RegistrationViewModel.swift */ = {isa = PBXFileReference; lastKnownFileType = sourcecode.swift; path = RegistrationViewModel.swift; sourceTree = "<group>"; };
		7085ABC32B52E1770069CE78 /* AuthService.swift */ = {isa = PBXFileReference; lastKnownFileType = sourcecode.swift; path = AuthService.swift; sourceTree = "<group>"; };
		7085ABC52B53DCAB0069CE78 /* RootContentView.swift */ = {isa = PBXFileReference; lastKnownFileType = sourcecode.swift; path = RootContentView.swift; sourceTree = "<group>"; };
		7085ABC72B53DCD10069CE78 /* RootContentViewModel.swift */ = {isa = PBXFileReference; lastKnownFileType = sourcecode.swift; path = RootContentViewModel.swift; sourceTree = "<group>"; };
		70C68A2D2B440DB500104194 /* MessengerCloneSwiftUI.app */ = {isa = PBXFileReference; explicitFileType = wrapper.application; includeInIndex = 0; path = MessengerCloneSwiftUI.app; sourceTree = BUILT_PRODUCTS_DIR; };
		70C68A302B440DB500104194 /* MessengerCloneSwiftUIApp.swift */ = {isa = PBXFileReference; lastKnownFileType = sourcecode.swift; path = MessengerCloneSwiftUIApp.swift; sourceTree = "<group>"; };
		70C68A322B440DB500104194 /* LogInView.swift */ = {isa = PBXFileReference; lastKnownFileType = sourcecode.swift; path = LogInView.swift; sourceTree = "<group>"; };
		70C68A342B440DB600104194 /* Assets.xcassets */ = {isa = PBXFileReference; lastKnownFileType = folder.assetcatalog; path = Assets.xcassets; sourceTree = "<group>"; };
		70C68A372B440DB700104194 /* Preview Assets.xcassets */ = {isa = PBXFileReference; lastKnownFileType = folder.assetcatalog; path = "Preview Assets.xcassets"; sourceTree = "<group>"; };
		70C68A412B442CDB00104194 /* RegistrationView.swift */ = {isa = PBXFileReference; lastKnownFileType = sourcecode.swift; path = RegistrationView.swift; sourceTree = "<group>"; };
		70C68A442B442E6E00104194 /* AuthFieldModifier.swift */ = {isa = PBXFileReference; lastKnownFileType = sourcecode.swift; path = AuthFieldModifier.swift; sourceTree = "<group>"; };
		70C68A482B46B93800104194 /* AuthActionButtonModifier.swift */ = {isa = PBXFileReference; lastKnownFileType = sourcecode.swift; path = AuthActionButtonModifier.swift; sourceTree = "<group>"; };
		70C68A4B2B46BA6900104194 /* InboxView.swift */ = {isa = PBXFileReference; lastKnownFileType = sourcecode.swift; path = InboxView.swift; sourceTree = "<group>"; };
		70C68A4D2B46BC5000104194 /* ChatsToolbarModifier.swift */ = {isa = PBXFileReference; lastKnownFileType = sourcecode.swift; path = ChatsToolbarModifier.swift; sourceTree = "<group>"; };
		70C68A4F2B46BD3400104194 /* ActiveNowView.swift */ = {isa = PBXFileReference; lastKnownFileType = sourcecode.swift; path = ActiveNowView.swift; sourceTree = "<group>"; };
		70C68A512B46BF8B00104194 /* ChatsItemView.swift */ = {isa = PBXFileReference; lastKnownFileType = sourcecode.swift; path = ChatsItemView.swift; sourceTree = "<group>"; };
		70C68A562B46DB0E00104194 /* NewMessageView.swift */ = {isa = PBXFileReference; lastKnownFileType = sourcecode.swift; path = NewMessageView.swift; sourceTree = "<group>"; };
		70C68A592B46E03200104194 /* ProfileView.swift */ = {isa = PBXFileReference; lastKnownFileType = sourcecode.swift; path = ProfileView.swift; sourceTree = "<group>"; };
		70C68A5B2B46E29700104194 /* SettingsOptionsViewModel.swift */ = {isa = PBXFileReference; lastKnownFileType = sourcecode.swift; path = SettingsOptionsViewModel.swift; sourceTree = "<group>"; };
		70C68A5D2B481C4A00104194 /* ProfileViewModel.swift */ = {isa = PBXFileReference; lastKnownFileType = sourcecode.swift; path = ProfileViewModel.swift; sourceTree = "<group>"; };
		70C68A5F2B4827FF00104194 /* User.swift */ = {isa = PBXFileReference; lastKnownFileType = sourcecode.swift; path = User.swift; sourceTree = "<group>"; };
		70C68A632B48395600104194 /* CircularProfileImageView.swift */ = {isa = PBXFileReference; lastKnownFileType = sourcecode.swift; path = CircularProfileImageView.swift; sourceTree = "<group>"; };
		70C68A662B4847A900104194 /* ChatView.swift */ = {isa = PBXFileReference; lastKnownFileType = sourcecode.swift; path = ChatView.swift; sourceTree = "<group>"; };
/* End PBXFileReference section */

/* Begin PBXFrameworksBuildPhase section */
		70C68A2A2B440DB500104194 /* Frameworks */ = {
			isa = PBXFrameworksBuildPhase;
			buildActionMask = 2147483647;
			files = (
				706D47E82B4D8D930036BC80 /* FirebaseDatabase in Frameworks */,
				706D47F62B4D8D930036BC80 /* FirebaseFunctionsCombine-Community in Frameworks */,
				706D47EE2B4D8D930036BC80 /* FirebaseFirestore in Frameworks */,
				706D47DA2B4D8D930036BC80 /* FirebaseAnalyticsSwift in Frameworks */,
				706D47D62B4D8D930036BC80 /* FirebaseAnalytics in Frameworks */,
				706D47D82B4D8D930036BC80 /* FirebaseAnalyticsOnDeviceConversion in Frameworks */,
				706D47FE2B4D8D930036BC80 /* FirebaseMLModelDownloader in Frameworks */,
				706D47F22B4D8D930036BC80 /* FirebaseFirestoreSwift in Frameworks */,
				706D47DE2B4D8D930036BC80 /* FirebaseAppCheck in Frameworks */,
				706D47DC2B4D8D930036BC80 /* FirebaseAnalyticsWithoutAdIdSupport in Frameworks */,
				706D47E22B4D8D930036BC80 /* FirebaseAuth in Frameworks */,
				706D47E62B4D8D930036BC80 /* FirebaseCrashlytics in Frameworks */,
				706D48062B4D8D930036BC80 /* FirebaseRemoteConfigSwift in Frameworks */,
				706D47F82B4D8D930036BC80 /* FirebaseInAppMessaging-Beta in Frameworks */,
				706D47EA2B4D8D930036BC80 /* FirebaseDatabaseSwift in Frameworks */,
				706D47F42B4D8D930036BC80 /* FirebaseFunctions in Frameworks */,
				706D480A2B4D8D930036BC80 /* FirebaseStorageCombine-Community in Frameworks */,
				706D48042B4D8D930036BC80 /* FirebaseRemoteConfig in Frameworks */,
				706D47E02B4D8D930036BC80 /* FirebaseAppDistribution-Beta in Frameworks */,
				706D47E42B4D8D930036BC80 /* FirebaseAuthCombine-Community in Frameworks */,
				706D48022B4D8D930036BC80 /* FirebasePerformance in Frameworks */,
				706D47FA2B4D8D930036BC80 /* FirebaseInAppMessagingSwift-Beta in Frameworks */,
				706D48082B4D8D930036BC80 /* FirebaseStorage in Frameworks */,
				706D47EC2B4D8D930036BC80 /* FirebaseDynamicLinks in Frameworks */,
				706D47F02B4D8D930036BC80 /* FirebaseFirestoreCombine-Community in Frameworks */,
				706D48002B4D8D930036BC80 /* FirebaseMessaging in Frameworks */,
				706D47FC2B4D8D930036BC80 /* FirebaseInstallations in Frameworks */,
			);
			runOnlyForDeploymentPostprocessing = 0;
		};
/* End PBXFrameworksBuildPhase section */

/* Begin PBXGroup section */
		7085ABBE2B52E1220069CE78 /* LogInView */ = {
			isa = PBXGroup;
			children = (
				70C68A322B440DB500104194 /* LogInView.swift */,
				7085ABBC2B52E1070069CE78 /* LoginViewModel.swift */,
			);
			path = LogInView;
			sourceTree = "<group>";
		};
		7085ABC12B52E1550069CE78 /* RegistrationView */ = {
			isa = PBXGroup;
			children = (
				70C68A412B442CDB00104194 /* RegistrationView.swift */,
				7085ABBF2B52E13D0069CE78 /* RegistrationViewModel.swift */,
			);
			path = RegistrationView;
			sourceTree = "<group>";
		};
		7085ABC22B52E16A0069CE78 /* Services */ = {
			isa = PBXGroup;
			children = (
				7085ABC32B52E1770069CE78 /* AuthService.swift */,
			);
			path = Services;
			sourceTree = "<group>";
		};
		7085ABC92B53DE570069CE78 /* RootContentView */ = {
			isa = PBXGroup;
			children = (
				7085ABC52B53DCAB0069CE78 /* RootContentView.swift */,
				7085ABC72B53DCD10069CE78 /* RootContentViewModel.swift */,
			);
			path = RootContentView;
			sourceTree = "<group>";
		};
		7085ABCA2B53E2850069CE78 /* Screens */ = {
			isa = PBXGroup;
			children = (
				70C68A3E2B440E4800104194 /* Root */,
				70C68A402B440E9000104194 /* Authentification */,
				70C68A4A2B46BA5600104194 /* Inbox */,
				70C68A582B46E01C00104194 /* Profile */,
			);
			path = Screens;
			sourceTree = "<group>";
		};
		7085ABCB2B53E2AC0069CE78 /* App */ = {
			isa = PBXGroup;
			children = (
				70C68A302B440DB500104194 /* MessengerCloneSwiftUIApp.swift */,
			);
			path = App;
			sourceTree = "<group>";
		};
		70C68A242B440DB500104194 = {
			isa = PBXGroup;
			children = (
				70C68A2F2B440DB500104194 /* MessengerCloneSwiftUI */,
				70C68A2E2B440DB500104194 /* Products */,
			);
			sourceTree = "<group>";
		};
		70C68A2E2B440DB500104194 /* Products */ = {
			isa = PBXGroup;
			children = (
				70C68A2D2B440DB500104194 /* MessengerCloneSwiftUI.app */,
			);
			name = Products;
			sourceTree = "<group>";
		};
		70C68A2F2B440DB500104194 /* MessengerCloneSwiftUI */ = {
			isa = PBXGroup;
			children = (
				7085ABCB2B53E2AC0069CE78 /* App */,
				7085ABC22B52E16A0069CE78 /* Services */,
				70C68A432B442E4700104194 /* Components */,
				7085ABCA2B53E2850069CE78 /* Screens */,
				70C68A3F2B440E8100104194 /* Supporting files */,
				70C68A362B440DB700104194 /* Preview Content */,
				7085ABBA2B518C150069CE78 /* GoogleService-Info.plist */,
			);
			path = MessengerCloneSwiftUI;
			sourceTree = "<group>";
		};
		70C68A362B440DB700104194 /* Preview Content */ = {
			isa = PBXGroup;
			children = (
				70C68A372B440DB700104194 /* Preview Assets.xcassets */,
			);
			path = "Preview Content";
			sourceTree = "<group>";
		};
		70C68A3E2B440E4800104194 /* Root */ = {
			isa = PBXGroup;
			children = (
				7085ABC92B53DE570069CE78 /* RootContentView */,
			);
			path = Root;
			sourceTree = "<group>";
		};
		70C68A3F2B440E8100104194 /* Supporting files */ = {
			isa = PBXGroup;
			children = (
				70C68A342B440DB600104194 /* Assets.xcassets */,
			);
			path = "Supporting files";
			sourceTree = "<group>";
		};
		70C68A402B440E9000104194 /* Authentification */ = {
			isa = PBXGroup;
			children = (
				7085ABBE2B52E1220069CE78 /* LogInView */,
				7085ABC12B52E1550069CE78 /* RegistrationView */,
			);
			path = Authentification;
			sourceTree = "<group>";
		};
		70C68A432B442E4700104194 /* Components */ = {
			isa = PBXGroup;
			children = (
				70C68A472B442F3000104194 /* Views */,
				70C68A462B442F2500104194 /* Modifiers */,
			);
			path = Components;
			sourceTree = "<group>";
		};
		70C68A462B442F2500104194 /* Modifiers */ = {
			isa = PBXGroup;
			children = (
				70C68A442B442E6E00104194 /* AuthFieldModifier.swift */,
				70C68A4D2B46BC5000104194 /* ChatsToolbarModifier.swift */,
				70C68A482B46B93800104194 /* AuthActionButtonModifier.swift */,
			);
			path = Modifiers;
			sourceTree = "<group>";
		};
		70C68A472B442F3000104194 /* Views */ = {
			isa = PBXGroup;
			children = (
				70C68A4F2B46BD3400104194 /* ActiveNowView.swift */,
				70C68A512B46BF8B00104194 /* ChatsItemView.swift */,
				70C68A632B48395600104194 /* CircularProfileImageView.swift */,
				706D47CE2B4D7FE30036BC80 /* ChatMessageView.swift */,
				706D47D02B4D85430036BC80 /* ChatBubble.swift */,
			);
			path = Views;
			sourceTree = "<group>";
		};
		70C68A4A2B46BA5600104194 /* Inbox */ = {
			isa = PBXGroup;
			children = (
				70C68A652B48478900104194 /* Chat */,
				70C68A552B46DAFF00104194 /* NewMessageView */,
				70C68A542B46DAF600104194 /* InboxView */,
			);
			path = Inbox;
			sourceTree = "<group>";
		};
		70C68A542B46DAF600104194 /* InboxView */ = {
			isa = PBXGroup;
			children = (
				70C68A4B2B46BA6900104194 /* InboxView.swift */,
			);
			path = InboxView;
			sourceTree = "<group>";
		};
		70C68A552B46DAFF00104194 /* NewMessageView */ = {
			isa = PBXGroup;
			children = (
				70C68A562B46DB0E00104194 /* NewMessageView.swift */,
			);
			path = NewMessageView;
			sourceTree = "<group>";
		};
		70C68A582B46E01C00104194 /* Profile */ = {
			isa = PBXGroup;
			children = (
				70C68A592B46E03200104194 /* ProfileView.swift */,
				70C68A5D2B481C4A00104194 /* ProfileViewModel.swift */,
				70C68A5F2B4827FF00104194 /* User.swift */,
				70C68A5B2B46E29700104194 /* SettingsOptionsViewModel.swift */,
			);
			path = Profile;
			sourceTree = "<group>";
		};
		70C68A652B48478900104194 /* Chat */ = {
			isa = PBXGroup;
			children = (
				70C68A662B4847A900104194 /* ChatView.swift */,
			);
			path = Chat;
			sourceTree = "<group>";
		};
/* End PBXGroup section */

/* Begin PBXNativeTarget section */
		70C68A2C2B440DB500104194 /* MessengerCloneSwiftUI */ = {
			isa = PBXNativeTarget;
			buildConfigurationList = 70C68A3B2B440DB700104194 /* Build configuration list for PBXNativeTarget "MessengerCloneSwiftUI" */;
			buildPhases = (
				70C68A292B440DB500104194 /* Sources */,
				70C68A2A2B440DB500104194 /* Frameworks */,
				70C68A2B2B440DB500104194 /* Resources */,
			);
			buildRules = (
			);
			dependencies = (
			);
			name = MessengerCloneSwiftUI;
			packageProductDependencies = (
				706D47D52B4D8D930036BC80 /* FirebaseAnalytics */,
				706D47D72B4D8D930036BC80 /* FirebaseAnalyticsOnDeviceConversion */,
				706D47D92B4D8D930036BC80 /* FirebaseAnalyticsSwift */,
				706D47DB2B4D8D930036BC80 /* FirebaseAnalyticsWithoutAdIdSupport */,
				706D47DD2B4D8D930036BC80 /* FirebaseAppCheck */,
				706D47DF2B4D8D930036BC80 /* FirebaseAppDistribution-Beta */,
				706D47E12B4D8D930036BC80 /* FirebaseAuth */,
				706D47E32B4D8D930036BC80 /* FirebaseAuthCombine-Community */,
				706D47E52B4D8D930036BC80 /* FirebaseCrashlytics */,
				706D47E72B4D8D930036BC80 /* FirebaseDatabase */,
				706D47E92B4D8D930036BC80 /* FirebaseDatabaseSwift */,
				706D47EB2B4D8D930036BC80 /* FirebaseDynamicLinks */,
				706D47ED2B4D8D930036BC80 /* FirebaseFirestore */,
				706D47EF2B4D8D930036BC80 /* FirebaseFirestoreCombine-Community */,
				706D47F12B4D8D930036BC80 /* FirebaseFirestoreSwift */,
				706D47F32B4D8D930036BC80 /* FirebaseFunctions */,
				706D47F52B4D8D930036BC80 /* FirebaseFunctionsCombine-Community */,
				706D47F72B4D8D930036BC80 /* FirebaseInAppMessaging-Beta */,
				706D47F92B4D8D930036BC80 /* FirebaseInAppMessagingSwift-Beta */,
				706D47FB2B4D8D930036BC80 /* FirebaseInstallations */,
				706D47FD2B4D8D930036BC80 /* FirebaseMLModelDownloader */,
				706D47FF2B4D8D930036BC80 /* FirebaseMessaging */,
				706D48012B4D8D930036BC80 /* FirebasePerformance */,
				706D48032B4D8D930036BC80 /* FirebaseRemoteConfig */,
				706D48052B4D8D930036BC80 /* FirebaseRemoteConfigSwift */,
				706D48072B4D8D930036BC80 /* FirebaseStorage */,
				706D48092B4D8D930036BC80 /* FirebaseStorageCombine-Community */,
			);
			productName = MessengerCloneSwiftUI;
			productReference = 70C68A2D2B440DB500104194 /* MessengerCloneSwiftUI.app */;
			productType = "com.apple.product-type.application";
		};
/* End PBXNativeTarget section */

/* Begin PBXProject section */
		70C68A252B440DB500104194 /* Project object */ = {
			isa = PBXProject;
			attributes = {
				BuildIndependentTargetsInParallel = 1;
				LastSwiftUpdateCheck = 1510;
				LastUpgradeCheck = 1510;
				TargetAttributes = {
					70C68A2C2B440DB500104194 = {
						CreatedOnToolsVersion = 15.1;
					};
				};
			};
			buildConfigurationList = 70C68A282B440DB500104194 /* Build configuration list for PBXProject "MessengerCloneSwiftUI" */;
			compatibilityVersion = "Xcode 14.0";
			developmentRegion = en;
			hasScannedForEncodings = 0;
			knownRegions = (
				en,
				Base,
			);
			mainGroup = 70C68A242B440DB500104194;
			packageReferences = (
				706D47D42B4D8D930036BC80 /* XCRemoteSwiftPackageReference "firebase-ios-sdk" */,
			);
			productRefGroup = 70C68A2E2B440DB500104194 /* Products */;
			projectDirPath = "";
			projectRoot = "";
			targets = (
				70C68A2C2B440DB500104194 /* MessengerCloneSwiftUI */,
			);
		};
/* End PBXProject section */

/* Begin PBXResourcesBuildPhase section */
		70C68A2B2B440DB500104194 /* Resources */ = {
			isa = PBXResourcesBuildPhase;
			buildActionMask = 2147483647;
			files = (
				70C68A382B440DB700104194 /* Preview Assets.xcassets in Resources */,
				70C68A352B440DB600104194 /* Assets.xcassets in Resources */,
				7085ABBB2B518C150069CE78 /* GoogleService-Info.plist in Resources */,
			);
			runOnlyForDeploymentPostprocessing = 0;
		};
/* End PBXResourcesBuildPhase section */

/* Begin PBXSourcesBuildPhase section */
		70C68A292B440DB500104194 /* Sources */ = {
			isa = PBXSourcesBuildPhase;
			buildActionMask = 2147483647;
			files = (
				70C68A422B442CDB00104194 /* RegistrationView.swift in Sources */,
				70C68A502B46BD3400104194 /* ActiveNowView.swift in Sources */,
				70C68A5C2B46E29700104194 /* SettingsOptionsViewModel.swift in Sources */,
				70C68A4C2B46BA6900104194 /* InboxView.swift in Sources */,
				70C68A672B4847A900104194 /* ChatView.swift in Sources */,
				7085ABC02B52E13D0069CE78 /* RegistrationViewModel.swift in Sources */,
				7085ABC42B52E1770069CE78 /* AuthService.swift in Sources */,
				70C68A642B48395600104194 /* CircularProfileImageView.swift in Sources */,
				70C68A4E2B46BC5000104194 /* ChatsToolbarModifier.swift in Sources */,
				706D47D12B4D85430036BC80 /* ChatBubble.swift in Sources */,
				7085ABC62B53DCAB0069CE78 /* RootContentView.swift in Sources */,
				70C68A332B440DB500104194 /* LogInView.swift in Sources */,
				7085ABC82B53DCD10069CE78 /* RootContentViewModel.swift in Sources */,
				70C68A602B4827FF00104194 /* User.swift in Sources */,
				70C68A522B46BF8B00104194 /* ChatsItemView.swift in Sources */,
				70C68A312B440DB500104194 /* MessengerCloneSwiftUIApp.swift in Sources */,
				70C68A492B46B93800104194 /* AuthActionButtonModifier.swift in Sources */,
				70C68A452B442E6E00104194 /* AuthFieldModifier.swift in Sources */,
				70C68A5E2B481C4A00104194 /* ProfileViewModel.swift in Sources */,
				70C68A5A2B46E03200104194 /* ProfileView.swift in Sources */,
				70C68A572B46DB0E00104194 /* NewMessageView.swift in Sources */,
				7085ABBD2B52E1070069CE78 /* LoginViewModel.swift in Sources */,
				706D47CF2B4D7FE30036BC80 /* ChatMessageView.swift in Sources */,
			);
			runOnlyForDeploymentPostprocessing = 0;
		};
/* End PBXSourcesBuildPhase section */

/* Begin XCBuildConfiguration section */
		70C68A392B440DB700104194 /* Debug */ = {
			isa = XCBuildConfiguration;
			buildSettings = {
				ALWAYS_SEARCH_USER_PATHS = NO;
				ASSETCATALOG_COMPILER_GENERATE_SWIFT_ASSET_SYMBOL_EXTENSIONS = YES;
				CLANG_ANALYZER_NONNULL = YES;
				CLANG_ANALYZER_NUMBER_OBJECT_CONVERSION = YES_AGGRESSIVE;
				CLANG_CXX_LANGUAGE_STANDARD = "gnu++20";
				CLANG_ENABLE_MODULES = YES;
				CLANG_ENABLE_OBJC_ARC = YES;
				CLANG_ENABLE_OBJC_WEAK = YES;
				CLANG_WARN_BLOCK_CAPTURE_AUTORELEASING = YES;
				CLANG_WARN_BOOL_CONVERSION = YES;
				CLANG_WARN_COMMA = YES;
				CLANG_WARN_CONSTANT_CONVERSION = YES;
				CLANG_WARN_DEPRECATED_OBJC_IMPLEMENTATIONS = YES;
				CLANG_WARN_DIRECT_OBJC_ISA_USAGE = YES_ERROR;
				CLANG_WARN_DOCUMENTATION_COMMENTS = YES;
				CLANG_WARN_EMPTY_BODY = YES;
				CLANG_WARN_ENUM_CONVERSION = YES;
				CLANG_WARN_INFINITE_RECURSION = YES;
				CLANG_WARN_INT_CONVERSION = YES;
				CLANG_WARN_NON_LITERAL_NULL_CONVERSION = YES;
				CLANG_WARN_OBJC_IMPLICIT_RETAIN_SELF = YES;
				CLANG_WARN_OBJC_LITERAL_CONVERSION = YES;
				CLANG_WARN_OBJC_ROOT_CLASS = YES_ERROR;
				CLANG_WARN_QUOTED_INCLUDE_IN_FRAMEWORK_HEADER = YES;
				CLANG_WARN_RANGE_LOOP_ANALYSIS = YES;
				CLANG_WARN_STRICT_PROTOTYPES = YES;
				CLANG_WARN_SUSPICIOUS_MOVE = YES;
				CLANG_WARN_UNGUARDED_AVAILABILITY = YES_AGGRESSIVE;
				CLANG_WARN_UNREACHABLE_CODE = YES;
				CLANG_WARN__DUPLICATE_METHOD_MATCH = YES;
				COPY_PHASE_STRIP = NO;
				DEBUG_INFORMATION_FORMAT = dwarf;
				ENABLE_STRICT_OBJC_MSGSEND = YES;
				ENABLE_TESTABILITY = YES;
				ENABLE_USER_SCRIPT_SANDBOXING = YES;
				GCC_C_LANGUAGE_STANDARD = gnu17;
				GCC_DYNAMIC_NO_PIC = NO;
				GCC_NO_COMMON_BLOCKS = YES;
				GCC_OPTIMIZATION_LEVEL = 0;
				GCC_PREPROCESSOR_DEFINITIONS = (
					"DEBUG=1",
					"$(inherited)",
				);
				GCC_WARN_64_TO_32_BIT_CONVERSION = YES;
				GCC_WARN_ABOUT_RETURN_TYPE = YES_ERROR;
				GCC_WARN_UNDECLARED_SELECTOR = YES;
				GCC_WARN_UNINITIALIZED_AUTOS = YES_AGGRESSIVE;
				GCC_WARN_UNUSED_FUNCTION = YES;
				GCC_WARN_UNUSED_VARIABLE = YES;
				IPHONEOS_DEPLOYMENT_TARGET = 17.2;
				LOCALIZATION_PREFERS_STRING_CATALOGS = YES;
				MTL_ENABLE_DEBUG_INFO = INCLUDE_SOURCE;
				MTL_FAST_MATH = YES;
				ONLY_ACTIVE_ARCH = YES;
				SDKROOT = iphoneos;
				SWIFT_ACTIVE_COMPILATION_CONDITIONS = "DEBUG $(inherited)";
				SWIFT_OPTIMIZATION_LEVEL = "-Onone";
			};
			name = Debug;
		};
		70C68A3A2B440DB700104194 /* Release */ = {
			isa = XCBuildConfiguration;
			buildSettings = {
				ALWAYS_SEARCH_USER_PATHS = NO;
				ASSETCATALOG_COMPILER_GENERATE_SWIFT_ASSET_SYMBOL_EXTENSIONS = YES;
				CLANG_ANALYZER_NONNULL = YES;
				CLANG_ANALYZER_NUMBER_OBJECT_CONVERSION = YES_AGGRESSIVE;
				CLANG_CXX_LANGUAGE_STANDARD = "gnu++20";
				CLANG_ENABLE_MODULES = YES;
				CLANG_ENABLE_OBJC_ARC = YES;
				CLANG_ENABLE_OBJC_WEAK = YES;
				CLANG_WARN_BLOCK_CAPTURE_AUTORELEASING = YES;
				CLANG_WARN_BOOL_CONVERSION = YES;
				CLANG_WARN_COMMA = YES;
				CLANG_WARN_CONSTANT_CONVERSION = YES;
				CLANG_WARN_DEPRECATED_OBJC_IMPLEMENTATIONS = YES;
				CLANG_WARN_DIRECT_OBJC_ISA_USAGE = YES_ERROR;
				CLANG_WARN_DOCUMENTATION_COMMENTS = YES;
				CLANG_WARN_EMPTY_BODY = YES;
				CLANG_WARN_ENUM_CONVERSION = YES;
				CLANG_WARN_INFINITE_RECURSION = YES;
				CLANG_WARN_INT_CONVERSION = YES;
				CLANG_WARN_NON_LITERAL_NULL_CONVERSION = YES;
				CLANG_WARN_OBJC_IMPLICIT_RETAIN_SELF = YES;
				CLANG_WARN_OBJC_LITERAL_CONVERSION = YES;
				CLANG_WARN_OBJC_ROOT_CLASS = YES_ERROR;
				CLANG_WARN_QUOTED_INCLUDE_IN_FRAMEWORK_HEADER = YES;
				CLANG_WARN_RANGE_LOOP_ANALYSIS = YES;
				CLANG_WARN_STRICT_PROTOTYPES = YES;
				CLANG_WARN_SUSPICIOUS_MOVE = YES;
				CLANG_WARN_UNGUARDED_AVAILABILITY = YES_AGGRESSIVE;
				CLANG_WARN_UNREACHABLE_CODE = YES;
				CLANG_WARN__DUPLICATE_METHOD_MATCH = YES;
				COPY_PHASE_STRIP = NO;
				DEBUG_INFORMATION_FORMAT = "dwarf-with-dsym";
				ENABLE_NS_ASSERTIONS = NO;
				ENABLE_STRICT_OBJC_MSGSEND = YES;
				ENABLE_USER_SCRIPT_SANDBOXING = YES;
				GCC_C_LANGUAGE_STANDARD = gnu17;
				GCC_NO_COMMON_BLOCKS = YES;
				GCC_WARN_64_TO_32_BIT_CONVERSION = YES;
				GCC_WARN_ABOUT_RETURN_TYPE = YES_ERROR;
				GCC_WARN_UNDECLARED_SELECTOR = YES;
				GCC_WARN_UNINITIALIZED_AUTOS = YES_AGGRESSIVE;
				GCC_WARN_UNUSED_FUNCTION = YES;
				GCC_WARN_UNUSED_VARIABLE = YES;
				IPHONEOS_DEPLOYMENT_TARGET = 17.2;
				LOCALIZATION_PREFERS_STRING_CATALOGS = YES;
				MTL_ENABLE_DEBUG_INFO = NO;
				MTL_FAST_MATH = YES;
				SDKROOT = iphoneos;
				SWIFT_COMPILATION_MODE = wholemodule;
				VALIDATE_PRODUCT = YES;
			};
			name = Release;
		};
		70C68A3C2B440DB700104194 /* Debug */ = {
			isa = XCBuildConfiguration;
			buildSettings = {
				ASSETCATALOG_COMPILER_APPICON_NAME = AppIcon;
				ASSETCATALOG_COMPILER_GLOBAL_ACCENT_COLOR_NAME = AccentColor;
				CODE_SIGN_STYLE = Automatic;
				CURRENT_PROJECT_VERSION = 1;
				DEVELOPMENT_ASSET_PATHS = "\"MessengerCloneSwiftUI/Preview Content\"";
				DEVELOPMENT_TEAM = 8K9YSXMH3N;
				ENABLE_PREVIEWS = YES;
				GENERATE_INFOPLIST_FILE = YES;
				INFOPLIST_KEY_UIApplicationSceneManifest_Generation = YES;
				INFOPLIST_KEY_UIApplicationSupportsIndirectInputEvents = YES;
				INFOPLIST_KEY_UILaunchScreen_Generation = YES;
				INFOPLIST_KEY_UISupportedInterfaceOrientations_iPad = "UIInterfaceOrientationPortrait UIInterfaceOrientationPortraitUpsideDown UIInterfaceOrientationLandscapeLeft UIInterfaceOrientationLandscapeRight";
				INFOPLIST_KEY_UISupportedInterfaceOrientations_iPhone = "UIInterfaceOrientationPortrait UIInterfaceOrientationLandscapeLeft UIInterfaceOrientationLandscapeRight";
				LD_RUNPATH_SEARCH_PATHS = (
					"$(inherited)",
					"@executable_path/Frameworks",
				);
				MARKETING_VERSION = 1.0;
				PRODUCT_BUNDLE_IDENTIFIER = com.ipetrie.MessengerCloneSwiftUI;
				PRODUCT_NAME = "$(TARGET_NAME)";
				SWIFT_EMIT_LOC_STRINGS = YES;
				SWIFT_VERSION = 5.0;
				TARGETED_DEVICE_FAMILY = "1,2";
			};
			name = Debug;
		};
		70C68A3D2B440DB700104194 /* Release */ = {
			isa = XCBuildConfiguration;
			buildSettings = {
				ASSETCATALOG_COMPILER_APPICON_NAME = AppIcon;
				ASSETCATALOG_COMPILER_GLOBAL_ACCENT_COLOR_NAME = AccentColor;
				CODE_SIGN_STYLE = Automatic;
				CURRENT_PROJECT_VERSION = 1;
				DEVELOPMENT_ASSET_PATHS = "\"MessengerCloneSwiftUI/Preview Content\"";
				DEVELOPMENT_TEAM = 8K9YSXMH3N;
				ENABLE_PREVIEWS = YES;
				GENERATE_INFOPLIST_FILE = YES;
				INFOPLIST_KEY_UIApplicationSceneManifest_Generation = YES;
				INFOPLIST_KEY_UIApplicationSupportsIndirectInputEvents = YES;
				INFOPLIST_KEY_UILaunchScreen_Generation = YES;
				INFOPLIST_KEY_UISupportedInterfaceOrientations_iPad = "UIInterfaceOrientationPortrait UIInterfaceOrientationPortraitUpsideDown UIInterfaceOrientationLandscapeLeft UIInterfaceOrientationLandscapeRight";
				INFOPLIST_KEY_UISupportedInterfaceOrientations_iPhone = "UIInterfaceOrientationPortrait UIInterfaceOrientationLandscapeLeft UIInterfaceOrientationLandscapeRight";
				LD_RUNPATH_SEARCH_PATHS = (
					"$(inherited)",
					"@executable_path/Frameworks",
				);
				MARKETING_VERSION = 1.0;
				PRODUCT_BUNDLE_IDENTIFIER = com.ipetrie.MessengerCloneSwiftUI;
				PRODUCT_NAME = "$(TARGET_NAME)";
				SWIFT_EMIT_LOC_STRINGS = YES;
				SWIFT_VERSION = 5.0;
				TARGETED_DEVICE_FAMILY = "1,2";
			};
			name = Release;
		};
/* End XCBuildConfiguration section */

/* Begin XCConfigurationList section */
		70C68A282B440DB500104194 /* Build configuration list for PBXProject "MessengerCloneSwiftUI" */ = {
			isa = XCConfigurationList;
			buildConfigurations = (
				70C68A392B440DB700104194 /* Debug */,
				70C68A3A2B440DB700104194 /* Release */,
			);
			defaultConfigurationIsVisible = 0;
			defaultConfigurationName = Release;
		};
		70C68A3B2B440DB700104194 /* Build configuration list for PBXNativeTarget "MessengerCloneSwiftUI" */ = {
			isa = XCConfigurationList;
			buildConfigurations = (
				70C68A3C2B440DB700104194 /* Debug */,
				70C68A3D2B440DB700104194 /* Release */,
			);
			defaultConfigurationIsVisible = 0;
			defaultConfigurationName = Release;
		};
/* End XCConfigurationList section */

/* Begin XCRemoteSwiftPackageReference section */
		706D47D42B4D8D930036BC80 /* XCRemoteSwiftPackageReference "firebase-ios-sdk" */ = {
			isa = XCRemoteSwiftPackageReference;
			repositoryURL = "https://github.com/firebase/firebase-ios-sdk";
			requirement = {
				kind = upToNextMajorVersion;
				minimumVersion = 10.19.1;
			};
		};
/* End XCRemoteSwiftPackageReference section */

/* Begin XCSwiftPackageProductDependency section */
		706D47D52B4D8D930036BC80 /* FirebaseAnalytics */ = {
			isa = XCSwiftPackageProductDependency;
			package = 706D47D42B4D8D930036BC80 /* XCRemoteSwiftPackageReference "firebase-ios-sdk" */;
			productName = FirebaseAnalytics;
		};
		706D47D72B4D8D930036BC80 /* FirebaseAnalyticsOnDeviceConversion */ = {
			isa = XCSwiftPackageProductDependency;
			package = 706D47D42B4D8D930036BC80 /* XCRemoteSwiftPackageReference "firebase-ios-sdk" */;
			productName = FirebaseAnalyticsOnDeviceConversion;
		};
		706D47D92B4D8D930036BC80 /* FirebaseAnalyticsSwift */ = {
			isa = XCSwiftPackageProductDependency;
			package = 706D47D42B4D8D930036BC80 /* XCRemoteSwiftPackageReference "firebase-ios-sdk" */;
			productName = FirebaseAnalyticsSwift;
		};
		706D47DB2B4D8D930036BC80 /* FirebaseAnalyticsWithoutAdIdSupport */ = {
			isa = XCSwiftPackageProductDependency;
			package = 706D47D42B4D8D930036BC80 /* XCRemoteSwiftPackageReference "firebase-ios-sdk" */;
			productName = FirebaseAnalyticsWithoutAdIdSupport;
		};
		706D47DD2B4D8D930036BC80 /* FirebaseAppCheck */ = {
			isa = XCSwiftPackageProductDependency;
			package = 706D47D42B4D8D930036BC80 /* XCRemoteSwiftPackageReference "firebase-ios-sdk" */;
			productName = FirebaseAppCheck;
		};
		706D47DF2B4D8D930036BC80 /* FirebaseAppDistribution-Beta */ = {
			isa = XCSwiftPackageProductDependency;
			package = 706D47D42B4D8D930036BC80 /* XCRemoteSwiftPackageReference "firebase-ios-sdk" */;
			productName = "FirebaseAppDistribution-Beta";
		};
		706D47E12B4D8D930036BC80 /* FirebaseAuth */ = {
			isa = XCSwiftPackageProductDependency;
			package = 706D47D42B4D8D930036BC80 /* XCRemoteSwiftPackageReference "firebase-ios-sdk" */;
			productName = FirebaseAuth;
		};
		706D47E32B4D8D930036BC80 /* FirebaseAuthCombine-Community */ = {
			isa = XCSwiftPackageProductDependency;
			package = 706D47D42B4D8D930036BC80 /* XCRemoteSwiftPackageReference "firebase-ios-sdk" */;
			productName = "FirebaseAuthCombine-Community";
		};
		706D47E52B4D8D930036BC80 /* FirebaseCrashlytics */ = {
			isa = XCSwiftPackageProductDependency;
			package = 706D47D42B4D8D930036BC80 /* XCRemoteSwiftPackageReference "firebase-ios-sdk" */;
			productName = FirebaseCrashlytics;
		};
		706D47E72B4D8D930036BC80 /* FirebaseDatabase */ = {
			isa = XCSwiftPackageProductDependency;
			package = 706D47D42B4D8D930036BC80 /* XCRemoteSwiftPackageReference "firebase-ios-sdk" */;
			productName = FirebaseDatabase;
		};
		706D47E92B4D8D930036BC80 /* FirebaseDatabaseSwift */ = {
			isa = XCSwiftPackageProductDependency;
			package = 706D47D42B4D8D930036BC80 /* XCRemoteSwiftPackageReference "firebase-ios-sdk" */;
			productName = FirebaseDatabaseSwift;
		};
		706D47EB2B4D8D930036BC80 /* FirebaseDynamicLinks */ = {
			isa = XCSwiftPackageProductDependency;
			package = 706D47D42B4D8D930036BC80 /* XCRemoteSwiftPackageReference "firebase-ios-sdk" */;
			productName = FirebaseDynamicLinks;
		};
		706D47ED2B4D8D930036BC80 /* FirebaseFirestore */ = {
			isa = XCSwiftPackageProductDependency;
			package = 706D47D42B4D8D930036BC80 /* XCRemoteSwiftPackageReference "firebase-ios-sdk" */;
			productName = FirebaseFirestore;
		};
		706D47EF2B4D8D930036BC80 /* FirebaseFirestoreCombine-Community */ = {
			isa = XCSwiftPackageProductDependency;
			package = 706D47D42B4D8D930036BC80 /* XCRemoteSwiftPackageReference "firebase-ios-sdk" */;
			productName = "FirebaseFirestoreCombine-Community";
		};
		706D47F12B4D8D930036BC80 /* FirebaseFirestoreSwift */ = {
			isa = XCSwiftPackageProductDependency;
			package = 706D47D42B4D8D930036BC80 /* XCRemoteSwiftPackageReference "firebase-ios-sdk" */;
			productName = FirebaseFirestoreSwift;
		};
		706D47F32B4D8D930036BC80 /* FirebaseFunctions */ = {
			isa = XCSwiftPackageProductDependency;
			package = 706D47D42B4D8D930036BC80 /* XCRemoteSwiftPackageReference "firebase-ios-sdk" */;
			productName = FirebaseFunctions;
		};
		706D47F52B4D8D930036BC80 /* FirebaseFunctionsCombine-Community */ = {
			isa = XCSwiftPackageProductDependency;
			package = 706D47D42B4D8D930036BC80 /* XCRemoteSwiftPackageReference "firebase-ios-sdk" */;
			productName = "FirebaseFunctionsCombine-Community";
		};
		706D47F72B4D8D930036BC80 /* FirebaseInAppMessaging-Beta */ = {
			isa = XCSwiftPackageProductDependency;
			package = 706D47D42B4D8D930036BC80 /* XCRemoteSwiftPackageReference "firebase-ios-sdk" */;
			productName = "FirebaseInAppMessaging-Beta";
		};
		706D47F92B4D8D930036BC80 /* FirebaseInAppMessagingSwift-Beta */ = {
			isa = XCSwiftPackageProductDependency;
			package = 706D47D42B4D8D930036BC80 /* XCRemoteSwiftPackageReference "firebase-ios-sdk" */;
			productName = "FirebaseInAppMessagingSwift-Beta";
		};
		706D47FB2B4D8D930036BC80 /* FirebaseInstallations */ = {
			isa = XCSwiftPackageProductDependency;
			package = 706D47D42B4D8D930036BC80 /* XCRemoteSwiftPackageReference "firebase-ios-sdk" */;
			productName = FirebaseInstallations;
		};
		706D47FD2B4D8D930036BC80 /* FirebaseMLModelDownloader */ = {
			isa = XCSwiftPackageProductDependency;
			package = 706D47D42B4D8D930036BC80 /* XCRemoteSwiftPackageReference "firebase-ios-sdk" */;
			productName = FirebaseMLModelDownloader;
		};
		706D47FF2B4D8D930036BC80 /* FirebaseMessaging */ = {
			isa = XCSwiftPackageProductDependency;
			package = 706D47D42B4D8D930036BC80 /* XCRemoteSwiftPackageReference "firebase-ios-sdk" */;
			productName = FirebaseMessaging;
		};
		706D48012B4D8D930036BC80 /* FirebasePerformance */ = {
			isa = XCSwiftPackageProductDependency;
			package = 706D47D42B4D8D930036BC80 /* XCRemoteSwiftPackageReference "firebase-ios-sdk" */;
			productName = FirebasePerformance;
		};
		706D48032B4D8D930036BC80 /* FirebaseRemoteConfig */ = {
			isa = XCSwiftPackageProductDependency;
			package = 706D47D42B4D8D930036BC80 /* XCRemoteSwiftPackageReference "firebase-ios-sdk" */;
			productName = FirebaseRemoteConfig;
		};
		706D48052B4D8D930036BC80 /* FirebaseRemoteConfigSwift */ = {
			isa = XCSwiftPackageProductDependency;
			package = 706D47D42B4D8D930036BC80 /* XCRemoteSwiftPackageReference "firebase-ios-sdk" */;
			productName = FirebaseRemoteConfigSwift;
		};
		706D48072B4D8D930036BC80 /* FirebaseStorage */ = {
			isa = XCSwiftPackageProductDependency;
			package = 706D47D42B4D8D930036BC80 /* XCRemoteSwiftPackageReference "firebase-ios-sdk" */;
			productName = FirebaseStorage;
		};
		706D48092B4D8D930036BC80 /* FirebaseStorageCombine-Community */ = {
			isa = XCSwiftPackageProductDependency;
			package = 706D47D42B4D8D930036BC80 /* XCRemoteSwiftPackageReference "firebase-ios-sdk" */;
			productName = "FirebaseStorageCombine-Community";
		};
/* End XCSwiftPackageProductDependency section */
	};
	rootObject = 70C68A252B440DB500104194 /* Project object */;
}
